
Microsoft Visual Studio Solution File, Format Version 12.00
# Visual Studio 15
VisualStudioVersion = 15.0.27703.2000
MinimumVisualStudioVersion = 10.0.40219.1
Project("{FAE04EC0-301F-11D3-BF4B-00C04F79EFBC}") = "ViannaWebCrawler", "ViannaWebCrawler\ViannaWebCrawler.csproj", "{389188DA-2298-4739-B931-0D6F49B708F4}"
EndProject
Global
	GlobalSection(SolutionConfigurationPlatforms) = preSolution
		Debug|Any CPU = Debug|Any CPU
		Release|Any CPU = Release|Any CPU
	EndGlobalSection
	GlobalSection(ProjectConfigurationPlatforms) = postSolution
		{389188DA-2298-4739-B931-0D6F49B708F4}.Debug|Any CPU.ActiveCfg = Debug|Any CPU
		{389188DA-2298-4739-B931-0D6F49B708F4}.Debug|Any CPU.Build.0 = Debug|Any CPU
		{389188DA-2298-4739-B931-0D6F49B708F4}.Release|Any CPU.ActiveCfg = Release|Any CPU
		{389188DA-2298-4739-B931-0D6F49B708F4}.Release|Any CPU.Build.0 = Release|Any CPU
	EndGlobalSection
	GlobalSection(SolutionProperties) = preSolution
		HideSolutionNode = FALSE
	EndGlobalSection
	GlobalSection(ExtensibilityGlobals) = postSolution
		SolutionGuid = {17A1BDF4-45E8-4038-8647-093122D53136}
	EndGlobalSection
EndGlobal
